
Microsoft Visual Studio Solution File, Format Version 12.00
# Visual Studio Version 18
VisualStudioVersion = 18.7.11822.327
MinimumVisualStudioVersion = 10.0.40219.1
Project("{FAE04EC0-301F-11D3-BF4B-00C04F79EFBC}") = "ImageOptimizerTool", "ImageOptimizerTool\ImageOptimizerTool.csproj", "{80480BF6-C213-479F-5194-63E8CD39841A}"
EndProject
Project("{FAE04EC0-301F-11D3-BF4B-00C04F79EFBC}") = "ImageCoreService", "ImageCoreService\ImageCoreService.csproj", "{E2DF52FA-61B2-417F-BF5F-999BFBA4D0AE}"
EndProject
Project("{FAE04EC0-301F-11D3-BF4B-00C04F79EFBC}") = "SmokeTests", "SmokeTests\SmokeTests.csproj", "{7ACB6FF4-85C0-4970-ADB9-5CB324A044B5}"
EndProject
Project("{FAE04EC0-301F-11D3-BF4B-00C04F79EFBC}") = "Bench", "Bench\Bench.csproj", "{6885BADE-83AB-4F48-8DDF-CCA5D893295F}"
EndProject
Global
	GlobalSection(SolutionConfigurationPlatforms) = preSolution
		Debug|Any CPU = Debug|Any CPU
		Debug|x64 = Debug|x64
		Debug|x86 = Debug|x86
		Release|Any CPU = Release|Any CPU
		Release|x64 = Release|x64
		Release|x86 = Release|x86
	EndGlobalSection
	GlobalSection(ProjectConfigurationPlatforms) = postSolution
		{80480BF6-C213-479F-5194-63E8CD39841A}.Debug|Any CPU.ActiveCfg = Debug|Any CPU
		{80480BF6-C213-479F-5194-63E8CD39841A}.Debug|Any CPU.Build.0 = Debug|Any CPU
		{80480BF6-C213-479F-5194-63E8CD39841A}.Debug|x64.ActiveCfg = Debug|Any CPU
		{80480BF6-C213-479F-5194-63E8CD39841A}.Debug|x64.Build.0 = Debug|Any CPU
		{80480BF6-C213-479F-5194-63E8CD39841A}.Debug|x86.ActiveCfg = Debug|Any CPU
		{80480BF6-C213-479F-5194-63E8CD39841A}.Debug|x86.Build.0 = Debug|Any CPU
		{80480BF6-C213-479F-5194-63E8CD39841A}.Release|Any CPU.ActiveCfg = Release|Any CPU
		{80480BF6-C213-479F-5194-63E8CD39841A}.Release|Any CPU.Build.0 = Release|Any CPU
		{80480BF6-C213-479F-5194-63E8CD39841A}.Release|x64.ActiveCfg = Release|Any CPU
		{80480BF6-C213-479F-5194-63E8CD39841A}.Release|x64.Build.0 = Release|Any CPU
		{80480BF6-C213-479F-5194-63E8CD39841A}.Release|x86.ActiveCfg = Release|Any CPU
		{80480BF6-C213-479F-5194-63E8CD39841A}.Release|x86.Build.0 = Release|Any CPU
		{E2DF52FA-61B2-417F-BF5F-999BFBA4D0AE}.Debug|Any CPU.ActiveCfg = Debug|Any CPU
		{E2DF52FA-61B2-417F-BF5F-999BFBA4D0AE}.Debug|Any CPU.Build.0 = Debug|Any CPU
		{E2DF52FA-61B2-417F-BF5F-999BFBA4D0AE}.Debug|x64.ActiveCfg = Debug|Any CPU
		{E2DF52FA-61B2-417F-BF5F-999BFBA4D0AE}.Debug|x64.Build.0 = Debug|Any CPU
		{E2DF52FA-61B2-417F-BF5F-999BFBA4D0AE}.Debug|x86.ActiveCfg = Debug|Any CPU
		{E2DF52FA-61B2-417F-BF5F-999BFBA4D0AE}.Debug|x86.Build.0 = Debug|Any CPU
		{E2DF52FA-61B2-417F-BF5F-999BFBA4D0AE}.Release|Any CPU.ActiveCfg = Release|Any CPU
		{E2DF52FA-61B2-417F-BF5F-999BFBA4D0AE}.Release|Any CPU.Build.0 = Release|Any CPU
		{E2DF52FA-61B2-417F-BF5F-999BFBA4D0AE}.Release|x64.ActiveCfg = Release|Any CPU
		{E2DF52FA-61B2-417F-BF5F-999BFBA4D0AE}.Release|x64.Build.0 = Release|Any CPU
		{E2DF52FA-61B2-417F-BF5F-999BFBA4D0AE}.Release|x86.ActiveCfg = Release|Any CPU
		{E2DF52FA-61B2-417F-BF5F-999BFBA4D0AE}.Release|x86.Build.0 = Release|Any CPU
		{7ACB6FF4-85C0-4970-ADB9-5CB324A044B5}.Debug|Any CPU.ActiveCfg = Debug|Any CPU
		{7ACB6FF4-85C0-4970-ADB9-5CB324A044B5}.Debug|Any CPU.Build.0 = Debug|Any CPU
		{7ACB6FF4-85C0-4970-ADB9-5CB324A044B5}.Debug|x64.ActiveCfg = Debug|Any CPU
		{7ACB6FF4-85C0-4970-ADB9-5CB324A044B5}.Debug|x64.Build.0 = Debug|Any CPU
		{7ACB6FF4-85C0-4970-ADB9-5CB324A044B5}.Debug|x86.ActiveCfg = Debug|Any CPU
		{7ACB6FF4-85C0-4970-ADB9-5CB324A044B5}.Debug|x86.Build.0 = Debug|Any CPU
		{7ACB6FF4-85C0-4970-ADB9-5CB324A044B5}.Release|Any CPU.ActiveCfg = Release|Any CPU
		{7ACB6FF4-85C0-4970-ADB9-5CB324A044B5}.Release|Any CPU.Build.0 = Release|Any CPU
		{7ACB6FF4-85C0-4970-ADB9-5CB324A044B5}.Release|x64.ActiveCfg = Release|Any CPU
		{7ACB6FF4-85C0-4970-ADB9-5CB324A044B5}.Release|x64.Build.0 = Release|Any CPU
		{7ACB6FF4-85C0-4970-ADB9-5CB324A044B5}.Release|x86.ActiveCfg = Release|Any CPU
		{7ACB6FF4-85C0-4970-ADB9-5CB324A044B5}.Release|x86.Build.0 = Release|Any CPU
		{6885BADE-83AB-4F48-8DDF-CCA5D893295F}.Debug|Any CPU.ActiveCfg = Debug|Any CPU
		{6885BADE-83AB-4F48-8DDF-CCA5D893295F}.Debug|Any CPU.Build.0 = Debug|Any CPU
		{6885BADE-83AB-4F48-8DDF-CCA5D893295F}.Debug|x64.ActiveCfg = Debug|Any CPU
		{6885BADE-83AB-4F48-8DDF-CCA5D893295F}.Debug|x64.Build.0 = Debug|Any CPU
		{6885BADE-83AB-4F48-8DDF-CCA5D893295F}.Debug|x86.ActiveCfg = Debug|Any CPU
		{6885BADE-83AB-4F48-8DDF-CCA5D893295F}.Debug|x86.Build.0 = Debug|Any CPU
		{6885BADE-83AB-4F48-8DDF-CCA5D893295F}.Release|Any CPU.ActiveCfg = Release|Any CPU
		{6885BADE-83AB-4F48-8DDF-CCA5D893295F}.Release|Any CPU.Build.0 = Release|Any CPU
		{6885BADE-83AB-4F48-8DDF-CCA5D893295F}.Release|x64.ActiveCfg = Release|Any CPU
		{6885BADE-83AB-4F48-8DDF-CCA5D893295F}.Release|x64.Build.0 = Release|Any CPU
		{6885BADE-83AB-4F48-8DDF-CCA5D893295F}.Release|x86.ActiveCfg = Release|Any CPU
		{6885BADE-83AB-4F48-8DDF-CCA5D893295F}.Release|x86.Build.0 = Release|Any CPU
	EndGlobalSection
	GlobalSection(SolutionProperties) = preSolution
		HideSolutionNode = FALSE
	EndGlobalSection
	GlobalSection(ExtensibilityGlobals) = postSolution
		SolutionGuid = {960E9A20-FE27-49D8-82E9-8574A0B8BB31}
	EndGlobalSection
EndGlobal
